
Microsoft Visual Studio Solution File, Format Version 12.00
# Visual Studio Version 17
VisualStudioVersion = 17.1.32328.378
MinimumVisualStudioVersion = 10.0.40219.1
Project("{FAE04EC0-301F-11D3-BF4B-00C04F79EFBC}") = "snakeladderprb", "ConsoleApp1\snakeladderprb.csproj", "{3BB962E2-4FED-495D-B609-BFDDCACFD6D6}"
EndProject
Global
	GlobalSection(SolutionConfigurationPlatforms) = preSolution
		Debug|Any CPU = Debug|Any CPU
		Release|Any CPU = Release|Any CPU
	EndGlobalSection
	GlobalSection(ProjectConfigurationPlatforms) = postSolution
		{3BB962E2-4FED-495D-B609-BFDDCACFD6D6}.Debug|Any CPU.ActiveCfg = Debug|Any CPU
		{3BB962E2-4FED-495D-B609-BFDDCACFD6D6}.Debug|Any CPU.Build.0 = Debug|Any CPU
		{3BB962E2-4FED-495D-B609-BFDDCACFD6D6}.Release|Any CPU.ActiveCfg = Release|Any CPU
		{3BB962E2-4FED-495D-B609-BFDDCACFD6D6}.Release|Any CPU.Build.0 = Release|Any CPU
	EndGlobalSection
	GlobalSection(SolutionProperties) = preSolution
		HideSolutionNode = FALSE
	EndGlobalSection
	GlobalSection(ExtensibilityGlobals) = postSolution
		SolutionGuid = {48E56434-6641-4846-ABDC-7B92AB97E4D2}
	EndGlobalSection
EndGlobal
